
Microsoft Visual Studio Solution File, Format Version 12.00
# Visual Studio Version 17
VisualStudioVersion = 17.11.35208.52
MinimumVisualStudioVersion = 10.0.40219.1
Project("{FAE04EC0-301F-11D3-BF4B-00C04F79EFBC}") = "StudentTKB", "StudentTKB\StudentTKB.csproj", "{38A63268-6FA8-45F6-931F-1BD7E1DFFF8E}"
EndProject
Global
	GlobalSection(SolutionConfigurationPlatforms) = preSolution
		Debug|Any CPU = Debug|Any CPU
		Release|Any CPU = Release|Any CPU
	EndGlobalSection
	GlobalSection(ProjectConfigurationPlatforms) = postSolution
		{38A63268-6FA8-45F6-931F-1BD7E1DFFF8E}.Debug|Any CPU.ActiveCfg = Debug|Any CPU
		{38A63268-6FA8-45F6-931F-1BD7E1DFFF8E}.Debug|Any CPU.Build.0 = Debug|Any CPU
		{38A63268-6FA8-45F6-931F-1BD7E1DFFF8E}.Release|Any CPU.ActiveCfg = Release|Any CPU
		{38A63268-6FA8-45F6-931F-1BD7E1DFFF8E}.Release|Any CPU.Build.0 = Release|Any CPU
	EndGlobalSection
	GlobalSection(SolutionProperties) = preSolution
		HideSolutionNode = FALSE
	EndGlobalSection
	GlobalSection(ExtensibilityGlobals) = postSolution
		SolutionGuid = {B9F28EB3-8641-4D69-93A1-40CC791ABEFA}
	EndGlobalSection
EndGlobal
